<Solution>
  <Folder Name="/deployment/" />
  <Folder Name="/src/">
    <Project Path="src/Vicgital.Infrastructure.Configuration/Vicgital.Infrastructure.Configuration.csproj" />
  </Folder>
  <Folder Name="/test/">
    <Project Path="test/Vicgital.Infrastructure.Configuration.TestHarness/Vicgital.Infrastructure.Configuration.TestHarness.csproj" />
  </Folder>
</Solution>
